{
  "name": "health-check",
  "version": "1.0.0",
  "lockfileVersion": 1,
  "requires": true,
  "dependencies": {
    "@playwright/test": {
      "version": "1.29.0",
      "resolved": "https://snapshotrepo.wsgc.com:443/artifactory/api/npm/wsgc-npm/@playwright/test/-/test-1.29.0.tgz",
      "integrity": "sha1-xBFV5sQ1YWU7I1wySTqusIWN93M=",
      "dev": true,
      "requires": {
        "@types/node": "*",
        "playwright-core": "1.29.0"
      },
      "dependencies": {
        "playwright-core": {
          "version": "1.29.0",
          "resolved": "https://snapshotrepo.wsgc.com:443/artifactory/api/npm/wsgc-npm/playwright-core/-/playwright-core-1.29.0.tgz",
          "integrity": "sha1-MUZTYYOVr+9QMRVtaRx6oIJuXQU=",
          "dev": true
        }
      }
    },
    "@types/node": {
      "version": "18.11.17",
      "resolved": "https://snapshotrepo.wsgc.com:443/artifactory/api/npm/wsgc-npm/@types/node/-/node-18.11.17.tgz",
      "integrity": "sha1-XACeHZw49KKp1FwLDEk/5s20vLU=",
      "dev": true
    },
    "allure-js-commons": {
      "version": "2.0.0-beta.21",
      "resolved": "https://snapshotrepo.wsgc.com:443/artifactory/api/npm/wsgc-npm/allure-js-commons/-/allure-js-commons-2.0.0-beta.21.tgz",
      "integrity": "sha1-lCGCpnRNv+FFb9FYOY5jiVs56dc=",
      "dev": true,
      "requires": {
        "mkdirp": "^1.0.4",
        "properties": "^1.2.1",
        "uuid": "^8.3.0"
      }
    },
    "allure-playwright": {
      "version": "2.0.0-beta.21",
      "resolved": "https://snapshotrepo.wsgc.com:443/artifactory/api/npm/wsgc-npm/allure-playwright/-/allure-playwright-2.0.0-beta.21.tgz",
      "integrity": "sha1-glOOJB13cLdWcj6em8Rz9tfMQdE=",
      "dev": true,
      "requires": {
        "allure-js-commons": "2.0.0-beta.21"
      }
    },
    "mkdirp": {
      "version": "1.0.4",
      "resolved": "https://snapshotrepo.wsgc.com:443/artifactory/api/npm/wsgc-npm/mkdirp/-/mkdirp-1.0.4.tgz",
      "integrity": "sha1-PrXtYmInVteaXw4qIh3+utdcL34=",
      "dev": true
    },
    "prettier": {
      "version": "2.8.1",
      "resolved": "https://snapshotrepo.wsgc.com:443/artifactory/api/npm/wsgc-npm/prettier/-/prettier-2.8.1.tgz",
      "integrity": "sha1-Th/RHDTiQhvB2prqm9gSfNCjXvw="
    },
    "properties": {
      "version": "1.2.1",
      "resolved": "https://snapshotrepo.wsgc.com:443/artifactory/api/npm/wsgc-npm/properties/-/properties-1.2.1.tgz",
      "integrity": "sha1-Dul6f8AgsaKlW4ZZ7aSqjYaQlL0=",
      "dev": true
    },
    "uuid": {
      "version": "8.3.2",
      "resolved": "https://snapshotrepo.wsgc.com:443/artifactory/api/npm/wsgc-npm/uuid/-/uuid-8.3.2.tgz",
      "integrity": "sha1-gNW1ztJxu5r2xEXyGhoExgbO++I=",
      "dev": true
    }
  }
}
